// !$*UTF8*$!
{
	archiveVersion = 1;
	classes = {
	};
	objectVersion = 46;
	objects = {

/* Begin PBXBuildFile section */
		020AB22C17463AA70082F336 /* libfmodevent.dylib in CopyFiles */ = {isa = PBXBuildFile; fileRef = 02E9E447173A3AED00C501BC /* libfmodevent.dylib */; };
		020AB22D17463AA70082F336 /* libfmodex.dylib in CopyFiles */ = {isa = PBXBuildFile; fileRef = 02E9E448173A3AED00C501BC /* libfmodex.dylib */; };
		02D69CAA16F08CEE00F3803F /* FrameworkMain_moc.cpp in Build Sources */ = {isa = PBXBuildFile; fileRef = 02D69C3C16F08CED00F3803F /* FrameworkMain_moc.cpp */; };
		02D69CB216F08CEE00F3803F /* icons_qrc.cpp in Build Sources */ = {isa = PBXBuildFile; fileRef = 02D69C4516F08CED00F3803F /* icons_qrc.cpp */; };
		02D69CDC16F08CEE00F3803F /* mainwindow_moc.cpp in Build Sources */ = {isa = PBXBuildFile; fileRef = 02D69C7516F08CED00F3803F /* mainwindow_moc.cpp */; };
		02E9E449173A3AED00C501BC /* libfmodevent.dylib in Frameworks & Libraries */ = {isa = PBXBuildFile; fileRef = 02E9E447173A3AED00C501BC /* libfmodevent.dylib */; };
		02E9E44A173A3AED00C501BC /* libfmodex.dylib in Frameworks & Libraries */ = {isa = PBXBuildFile; fileRef = 02E9E448173A3AED00C501BC /* libfmodex.dylib */; };
		0C6D4628EE0B0D1479A20551 /* AGL.framework in Frameworks & Libraries */ = {isa = PBXBuildFile; fileRef = C6766F86E49E9C8701C8E637 /* AGL.framework */; };
		17183C3F18C8830000491E66 /* AVFoundation.framework in Frameworks & Libraries */ = {isa = PBXBuildFile; fileRef = 17183C3E18C8830000491E66 /* AVFoundation.framework */; };
		17183C4118C8833A00491E66 /* CoreMedia.framework in Frameworks & Libraries */ = {isa = PBXBuildFile; fileRef = 17183C4018C8833A00491E66 /* CoreMedia.framework */; };
		17B0617518892C1500FD8007 /* WebKit.framework in Frameworks & Libraries */ = {isa = PBXBuildFile; fileRef = 17B0617418892C1500FD8007 /* WebKit.framework */; };
		5C190C9F15AEC6F9005731F8 /* Data in Bundle Resources */ = {isa = PBXBuildFile; fileRef = 5C190C9E15AEC6F9005731F8 /* Data */; };
		5CCC10E715B460BF00DA83EB /* libz.dylib in Frameworks & Libraries */ = {isa = PBXBuildFile; fileRef = 5CCC10E615B460BF00DA83EB /* libz.dylib */; };
		5CCC10E915B460C900DA83EB /* libbz2.dylib in Frameworks & Libraries */ = {isa = PBXBuildFile; fileRef = 5CCC10E815B460C900DA83EB /* libbz2.dylib */; };
		77BDEC8E56A833D3814BC614 /* QtNetwork.framework in Frameworks & Libraries */ = {isa = PBXBuildFile; fileRef = 82153068A36B6EA46DD82A06 /* QtNetwork.framework */; };
		77C663449ABEE93BEE5F2771 /* Cocoa.framework in Frameworks & Libraries */ = {isa = PBXBuildFile; fileRef = 336CB11D929F5E35FA69020F /* Cocoa.framework */; };
		A51FBC516D952C0C5AB72EA1 /* QtGui.framework in Frameworks & Libraries */ = {isa = PBXBuildFile; fileRef = 9B8EE51E126C761F3F797428 /* QtGui.framework */; };
		A641262F17D0C98B004D3C5E /* libFrameworkToolsQt.a in Frameworks & Libraries */ = {isa = PBXBuildFile; fileRef = A641262C17D0C97C004D3C5E /* libFrameworkToolsQt.a */; };
		A93E34BD17283146D6E95207 /* QtCore.framework in Frameworks & Libraries */ = {isa = PBXBuildFile; fileRef = 419FFB6CDDEB353FF0A4F469 /* QtCore.framework */; };
		B08AE0866171E2B79EF2D621 /* QtOpenGL.framework in Frameworks & Libraries */ = {isa = PBXBuildFile; fileRef = 6AB05FD3B5F9D1E725443AAE /* QtOpenGL.framework */; };
		BCEF71E1EDFB18DA77DC750B /* OpenGL.framework in Frameworks & Libraries */ = {isa = PBXBuildFile; fileRef = DA18A6831232F53228631AD1 /* OpenGL.framework */; };
		C107916716D78CCD0081E58C /* libFrameworkQt.a in Frameworks & Libraries */ = {isa = PBXBuildFile; fileRef = C107916416D78C9E0081E58C /* libFrameworkQt.a */; };
		C15C2FED162AD6E400818631 /* FrameworkMain.cpp in Build Sources */ = {isa = PBXBuildFile; fileRef = C15C2FE1162AD6E400818631 /* FrameworkMain.cpp */; };
		C15C2FEF162AD6E400818631 /* main.cpp in Build Sources */ = {isa = PBXBuildFile; fileRef = C15C2FE5162AD6E400818631 /* main.cpp */; };
		C15C2FF2162AD6E400818631 /* mainwindow.cpp in Build Sources */ = {isa = PBXBuildFile; fileRef = C15C2FEB162AD6E400818631 /* mainwindow.cpp */; };
		C15C2FF7162AD71C00818631 /* mainwindow.ui in Bundle Resources */ = {isa = PBXBuildFile; fileRef = C15C2FF5162AD71C00818631 /* mainwindow.ui */; };
/* End PBXBuildFile section */

/* Begin PBXContainerItemProxy section */
		17400D7D17901D570087BDEB /* PBXContainerItemProxy */ = {
			isa = PBXContainerItemProxy;
			containerPortal = C107915B16D78C9E0081E58C /* Framework.xcodeproj */;
			proxyType = 2;
			remoteGlobalIDString = 176DEB77174B5561007A983B;
			remoteInfo = FrameworkNPAPI;
		};
		C107916116D78C9E0081E58C /* PBXContainerItemProxy */ = {
			isa = PBXContainerItemProxy;
			containerPortal = C107915B16D78C9E0081E58C /* Framework.xcodeproj */;
			proxyType = 2;
			remoteGlobalIDString = D2AAC07E0554694100DB518D;
			remoteInfo = Framework;
		};
		C107916316D78C9E0081E58C /* PBXContainerItemProxy */ = {
			isa = PBXContainerItemProxy;
			containerPortal = C107915B16D78C9E0081E58C /* Framework.xcodeproj */;
			proxyType = 2;
			remoteGlobalIDString = E898A2C416BD265400732C04;
			remoteInfo = FrameworkQt;
		};
		C107916516D78CC20081E58C /* PBXContainerItemProxy */ = {
			isa = PBXContainerItemProxy;
			containerPortal = C107915B16D78C9E0081E58C /* Framework.xcodeproj */;
			proxyType = 1;
			remoteGlobalIDString = E898A05116BD265400732C04;
			remoteInfo = FrameworkQt;
		};
/* End PBXContainerItemProxy section */

/* Begin PBXCopyFilesBuildPhase section */
		020AB22A17463A9F0082F336 /* CopyFiles */ = {
			isa = PBXCopyFilesBuildPhase;
			buildActionMask = 2147483647;
			dstPath = "";
			dstSubfolderSpec = 10;
			files = (
				020AB22C17463AA70082F336 /* libfmodevent.dylib in CopyFiles */,
				020AB22D17463AA70082F336 /* libfmodex.dylib in CopyFiles */,
			);
			runOnlyForDeploymentPostprocessing = 0;
		};
/* End PBXCopyFilesBuildPhase section */

/* Begin PBXFileReference section */
		00BD80432B2C7B49A27A3DC5 /* ResourceExplorer.pro */ = {isa = PBXFileReference; lastKnownFileType = text; path = ResourceExplorer.pro; sourceTree = "<group>"; };
		02D69C3C16F08CED00F3803F /* FrameworkMain_moc.cpp */ = {isa = PBXFileReference; fileEncoding = 4; lastKnownFileType = sourcecode.cpp.cpp; path = FrameworkMain_moc.cpp; sourceTree = "<group>"; };
		02D69C4516F08CED00F3803F /* icons_qrc.cpp */ = {isa = PBXFileReference; fileEncoding = 4; lastKnownFileType = sourcecode.cpp.cpp; path = icons_qrc.cpp; sourceTree = "<group>"; };
		02D69C7516F08CED00F3803F /* mainwindow_moc.cpp */ = {isa = PBXFileReference; fileEncoding = 4; lastKnownFileType = sourcecode.cpp.cpp; path = mainwindow_moc.cpp; sourceTree = "<group>"; };
		02D69C9416F08CEE00F3803F /* ui_mainwindow.h */ = {isa = PBXFileReference; fileEncoding = 4; lastKnownFileType = sourcecode.c.h; path = ui_mainwindow.h; sourceTree = "<group>"; };
		02E9E447173A3AED00C501BC /* libfmodevent.dylib */ = {isa = PBXFileReference; lastKnownFileType = "compiled.mach-o.dylib"; name = libfmodevent.dylib; path = ../../Libs/fmod/lib/macos/libfmodevent.dylib; sourceTree = "<group>"; };
		02E9E448173A3AED00C501BC /* libfmodex.dylib */ = {isa = PBXFileReference; lastKnownFileType = "compiled.mach-o.dylib"; name = libfmodex.dylib; path = ../../Libs/fmod/lib/macos/libfmodex.dylib; sourceTree = "<group>"; };
		17183C3E18C8830000491E66 /* AVFoundation.framework */ = {isa = PBXFileReference; lastKnownFileType = wrapper.framework; name = AVFoundation.framework; path = System/Library/Frameworks/AVFoundation.framework; sourceTree = SDKROOT; };
		17183C4018C8833A00491E66 /* CoreMedia.framework */ = {isa = PBXFileReference; lastKnownFileType = wrapper.framework; name = CoreMedia.framework; path = System/Library/Frameworks/CoreMedia.framework; sourceTree = SDKROOT; };
		29FF4FD1BCB9408020402F99 /* theora_macos */ = {isa = PBXFileReference; lastKnownFileType = archive.ar; name = theora_macos; path = ../dava.framework/Libs/libs/libtheora_macos.a; sourceTree = "<group>"; };
		2A689518AF9C22C7AA97C9EF /* ogg_macos */ = {isa = PBXFileReference; lastKnownFileType = archive.ar; name = ogg_macos; path = ../dava.framework/Libs/libs/libogg_macos.a; sourceTree = "<group>"; };
		336CB11D929F5E35FA69020F /* Cocoa.framework */ = {isa = PBXFileReference; lastKnownFileType = wrapper.framework; name = Cocoa.framework; path = /System/Library/Frameworks/Cocoa.framework; sourceTree = "<absolute>"; };
		419FFB6CDDEB353FF0A4F469 /* QtCore.framework */ = {isa = PBXFileReference; lastKnownFileType = wrapper.framework; name = QtCore.framework; path = ../../../../QtSDK/Desktop/Qt/4.8.1/gcc/lib/QtCore.framework; sourceTree = "<group>"; };
		52F4216CE5F81A8073DE30C0 /* OpenAL.framework */ = {isa = PBXFileReference; lastKnownFileType = wrapper.framework; name = OpenAL.framework; path = /System/Library/Frameworks/OpenAL.framework; sourceTree = "<absolute>"; };
		548C5E52292D4DA256C12EBD /* png_macos */ = {isa = PBXFileReference; lastKnownFileType = archive.ar; name = png_macos; path = ../dava.framework/Libs/libs/libpng_macos.a; sourceTree = "<group>"; };
		5B2DE73738F678B7C6177179 /* curl_ios_mac */ = {isa = PBXFileReference; lastKnownFileType = archive.ar; name = curl_ios_mac; path = ../dava.framework/Libs/libs/libcurl_ios_mac.a; sourceTree = "<group>"; };
		5C190C9515AEC58B005731F8 /* ResourceExplorer.app */ = {isa = PBXFileReference; explicitFileType = wrapper.application; includeInIndex = 0; path = ResourceExplorer.app; sourceTree = BUILT_PRODUCTS_DIR; };
		5C190C9E15AEC6F9005731F8 /* Data */ = {isa = PBXFileReference; lastKnownFileType = folder; path = Data; sourceTree = "<group>"; };
		5C190CA015AEC704005731F8 /* Info.plist */ = {isa = PBXFileReference; lastKnownFileType = text.plist.xml; path = Info.plist; sourceTree = "<group>"; };
		5CCC10E615B460BF00DA83EB /* libz.dylib */ = {isa = PBXFileReference; lastKnownFileType = "compiled.mach-o.dylib"; name = libz.dylib; path = usr/lib/libz.dylib; sourceTree = SDKROOT; };
		5CCC10E815B460C900DA83EB /* libbz2.dylib */ = {isa = PBXFileReference; lastKnownFileType = "compiled.mach-o.dylib"; name = libbz2.dylib; path = usr/lib/libbz2.dylib; sourceTree = SDKROOT; };
		6AB05FD3B5F9D1E725443AAE /* QtOpenGL.framework */ = {isa = PBXFileReference; lastKnownFileType = wrapper.framework; name = QtOpenGL.framework; path = ../../../../QtSDK/Desktop/Qt/4.8.1/gcc/lib/QtOpenGL.framework; sourceTree = "<group>"; };
		6C21256244E578A9DE07EE60 /* xml_macos */ = {isa = PBXFileReference; lastKnownFileType = archive.ar; name = xml_macos; path = ../dava.framework/Libs/libs/libxml_macos.a; sourceTree = "<group>"; };
		8157E7438190A1EEF4A4D363 /* mongodb_macos */ = {isa = PBXFileReference; lastKnownFileType = archive.ar; name = mongodb_macos; path = ../dava.framework/Libs/libs/libmongodb_macos.a; sourceTree = "<group>"; };
		8159B90213E2E13CB65C75B4 /* vorbis_macos */ = {isa = PBXFileReference; lastKnownFileType = archive.ar; name = vorbis_macos; path = ../dava.framework/Libs/oggvorbis/lib/libvorbis_macos.a; sourceTree = "<group>"; };
		81BBDA0F1849B4A35FAB7D00 /* freetype_macos */ = {isa = PBXFileReference; lastKnownFileType = archive.ar; name = freetype_macos; path = ../dava.framework/Libs/freetype/lib/libfreetype_macos.a; sourceTree = "<group>"; };
		82153068A36B6EA46DD82A06 /* QtNetwork.framework */ = {isa = PBXFileReference; lastKnownFileType = wrapper.framework; name = QtNetwork.framework; path = ../../../../QtSDK/Desktop/Qt/4.8.1/gcc/lib/QtNetwork.framework; sourceTree = "<group>"; };
		9B8EE51E126C761F3F797428 /* QtGui.framework */ = {isa = PBXFileReference; lastKnownFileType = wrapper.framework; name = QtGui.framework; path = ../../../../QtSDK/Desktop/Qt/4.8.1/gcc/lib/QtGui.framework; sourceTree = "<group>"; };
		C107915B16D78C9E0081E58C /* Framework.xcodeproj */ = {isa = PBXFileReference; lastKnownFileType = "wrapper.pb-project"; name = Framework.xcodeproj; path = ../../Projects/MacOSFramework/Framework.xcodeproj; sourceTree = "<group>"; };
		C15C2FE1162AD6E400818631 /* FrameworkMain.cpp */ = {isa = PBXFileReference; fileEncoding = 4; lastKnownFileType = sourcecode.cpp.cpp; path = FrameworkMain.cpp; sourceTree = "<group>"; };
		C15C2FE2162AD6E400818631 /* FrameworkMain.h */ = {isa = PBXFileReference; fileEncoding = 4; lastKnownFileType = sourcecode.c.h; path = FrameworkMain.h; sourceTree = "<group>"; };
		C15C2FE5162AD6E400818631 /* main.cpp */ = {isa = PBXFileReference; fileEncoding = 4; lastKnownFileType = sourcecode.cpp.cpp; path = main.cpp; sourceTree = "<group>"; };
		C15C2FEB162AD6E400818631 /* mainwindow.cpp */ = {isa = PBXFileReference; fileEncoding = 4; lastKnownFileType = sourcecode.cpp.cpp; path = mainwindow.cpp; sourceTree = "<group>"; };
		C15C2FEC162AD6E400818631 /* mainwindow.h */ = {isa = PBXFileReference; fileEncoding = 4; lastKnownFileType = sourcecode.c.h; path = mainwindow.h; sourceTree = "<group>"; };
		C15C2FF4162AD71C00818631 /* davaglwidget.ui */ = {isa = PBXFileReference; fileEncoding = 4; lastKnownFileType = text.xml; path = davaglwidget.ui; sourceTree = "<group>"; };
		C15C2FF5162AD71C00818631 /* mainwindow.ui */ = {isa = PBXFileReference; fileEncoding = 4; lastKnownFileType = text.xml; path = mainwindow.ui; sourceTree = "<group>"; };
		C6766F86E49E9C8701C8E637 /* AGL.framework */ = {isa = PBXFileReference; lastKnownFileType = wrapper.framework; name = AGL.framework; path = /System/Library/Frameworks/AGL.framework; sourceTree = "<absolute>"; };
		CBE0854C74E7E8A8F67923BE /* yaml_macos */ = {isa = PBXFileReference; lastKnownFileType = archive.ar; name = yaml_macos; path = ../dava.framework/Libs/libs/libyaml_macos.a; sourceTree = "<group>"; };
		DA18A6831232F53228631AD1 /* OpenGL.framework */ = {isa = PBXFileReference; lastKnownFileType = wrapper.framework; name = OpenGL.framework; path = /System/Library/Frameworks/OpenGL.framework; sourceTree = "<absolute>"; };
		E8FFFF9D16FB17A500E315AE /* ui_spinnerpropertygridwidget.h */ = {isa = PBXFileReference; fileEncoding = 4; lastKnownFileType = sourcecode.c.h; path = ui_spinnerpropertygridwidget.h; sourceTree = "<group>"; };
		F7C12D3D2FE75302773F34BB /* vorbisfile_macos */ = {isa = PBXFileReference; lastKnownFileType = archive.ar; name = vorbisfile_macos; path = ../dava.framework/Libs/oggvorbis/lib/libvorbisfile_macos.a; sourceTree = "<group>"; };
		FAC1F4E071D49CE850E70770 /* Data/ */ = {isa = PBXFileReference; lastKnownFileType = folder; path = Data/; sourceTree = "<group>"; };
/* End PBXFileReference section */

/* Begin PBXFrameworksBuildPhase section */
		2A1043669E6E5A7426EA502A /* Frameworks & Libraries */ = {
			isa = PBXFrameworksBuildPhase;
			buildActionMask = 2147483647;
			files = (
				02E9E449173A3AED00C501BC /* libfmodevent.dylib in Frameworks & Libraries */,
				02E9E44A173A3AED00C501BC /* libfmodex.dylib in Frameworks & Libraries */,
				C107916716D78CCD0081E58C /* libFrameworkQt.a in Frameworks & Libraries */,
				5CCC10E915B460C900DA83EB /* libbz2.dylib in Frameworks & Libraries */,
				5CCC10E715B460BF00DA83EB /* libz.dylib in Frameworks & Libraries */,
				B08AE0866171E2B79EF2D621 /* QtOpenGL.framework in Frameworks & Libraries */,
				A51FBC516D952C0C5AB72EA1 /* QtGui.framework in Frameworks & Libraries */,
				A93E34BD17283146D6E95207 /* QtCore.framework in Frameworks & Libraries */,
				77BDEC8E56A833D3814BC614 /* QtNetwork.framework in Frameworks & Libraries */,
				BCEF71E1EDFB18DA77DC750B /* OpenGL.framework in Frameworks & Libraries */,
				0C6D4628EE0B0D1479A20551 /* AGL.framework in Frameworks & Libraries */,
				17B0617518892C1500FD8007 /* WebKit.framework in Frameworks & Libraries */,
				17183C3F18C8830000491E66 /* AVFoundation.framework in Frameworks & Libraries */,
				77C663449ABEE93BEE5F2771 /* Cocoa.framework in Frameworks & Libraries */,
				17183C4118C8833A00491E66 /* CoreMedia.framework in Frameworks & Libraries */,
			);
			name = "Frameworks & Libraries";
			runOnlyForDeploymentPostprocessing = 0;
		};
/* End PBXFrameworksBuildPhase section */

/* Begin PBXGroup section */
sourceTree = "<group>";
		};

		02D69C6A16F08CED00F3803F /* UI */ = {
			isa = PBXGroup;
			children = (

				02D69C7516F08CED00F3803F /* mainwindow_moc.cpp */,
			);
			path = UI;
			sourceTree = "<group>";
		};

		5C190C9615AEC58B005731F8 /* Products */ = {
			isa = PBXGroup;
			children = (
				5C190C9515AEC58B005731F8 /* ResourceExplorer.app */,
			);
			name = Products;
			sourceTree = "<group>";
		};
		7CABE3C80E79AD2B307756D2 /* Sources [qmake] */ = {
			isa = PBXGroup;
			children = (
				00BD80432B2C7B49A27A3DC5 /* ResourceExplorer.pro */,
			);
			name = "Sources [qmake]";
			sourceTree = "<group>";
		};

		C107915C16D78C9E0081E58C /* Products */ = {
			isa = PBXGroup;
			children = (
				C107916216D78C9E0081E58C /* libFramework.a */,
				C107916416D78C9E0081E58C /* libFrameworkQt.a */,
				17400D7E17901D570087BDEB /* libFrameworkNPAPI.a */,
			);
			name = Products;
			sourceTree = "<group>";
		};
		C15C2FC9162AD5DD00818631 /* GeneratedFiles */ = {
			isa = PBXGroup;
			children = (
				02D69C3C16F08CED00F3803F /* FrameworkMain_moc.cpp */,
				02D69C3C16F08CED00F3803F /* FrameworkMain_moc.cpp */,
				02D69C4516F08CED00F3803F /* icons_qrc.cpp */,
				02D69C6A16F08CED00F3803F /* UI */,
				02D69C9416F08CEE00F3803F /* ui_mainwindow.h */,
			);
			path = GeneratedFiles;
			sourceTree = "<group>";
		};
		C15C2FDF162AD6E400818631 /* Classes */ = {
			isa = PBXGroup;
			children = (

				C15C2FE1162AD6E400818631 /* FrameworkMain.cpp */,
				C15C2FE2162AD6E400818631 /* FrameworkMain.h */,
				C15C2FE5162AD6E400818631 /* main.cpp */,
				C15C2FE8162AD6E400818631 /* UI */,
			);
			path = Classes;
			sourceTree = "<group>";
		};
		C15C2FE8162AD6E400818631 /* UI */ = {
			isa = PBXGroup;
			children = (
				C15C2FEB162AD6E400818631 /* mainwindow.cpp */,
				C15C2FEC162AD6E400818631 /* mainwindow.h */,
			);
			path = UI;
			sourceTree = "<group>";
		};
		C15C2FF3162AD71C00818631 /* UI */ = {
			isa = PBXGroup;
			children = (
				C15C2FF5162AD71C00818631 /* mainwindow.ui */,
			);
			path = UI;
			sourceTree = "<group>";
		};
		C90923F6A2E654060C34742C /* Source [bundle data] */ = {
			isa = PBXGroup;
			children = (
				FAC1F4E071D49CE850E70770 /* Data/ */,
			);
			name = "Source [bundle data]";
			sourceTree = "<group>";
		};
		ED1E82605DD74B483AF3C982 /* External Frameworks and Libraries */ = {
			isa = PBXGroup;
			children = (
				5CCC10E815B460C900DA83EB /* libbz2.dylib */,
				5CCC10E615B460BF00DA83EB /* libz.dylib */,
				336CB11D929F5E35FA69020F /* Cocoa.framework */,
				52F4216CE5F81A8073DE30C0 /* OpenAL.framework */,
				8157E7438190A1EEF4A4D363 /* mongodb_macos */,
				548C5E52292D4DA256C12EBD /* png_macos */,
				6C21256244E578A9DE07EE60 /* xml_macos */,
				CBE0854C74E7E8A8F67923BE /* yaml_macos */,
				5B2DE73738F678B7C6177179 /* curl_ios_mac */,
				29FF4FD1BCB9408020402F99 /* theora_macos */,
				81BBDA0F1849B4A35FAB7D00 /* freetype_macos */,
				F7C12D3D2FE75302773F34BB /* vorbisfile_macos */,
				8159B90213E2E13CB65C75B4 /* vorbis_macos */,
				2A689518AF9C22C7AA97C9EF /* ogg_macos */,
				6AB05FD3B5F9D1E725443AAE /* QtOpenGL.framework */,
				9B8EE51E126C761F3F797428 /* QtGui.framework */,
				419FFB6CDDEB353FF0A4F469 /* QtCore.framework */,
				82153068A36B6EA46DD82A06 /* QtNetwork.framework */,
				DA18A6831232F53228631AD1 /* OpenGL.framework */,
				C6766F86E49E9C8701C8E637 /* AGL.framework */,
			);
			name = "External Frameworks and Libraries";
			sourceTree = "<group>";
		};
/* End PBXGroup section */

/* Begin PBXNativeTarget section */
		C44821495B0959249FEE50BE /* ResourceExplorer */ = {
			isa = PBXNativeTarget;
			buildConfigurationList = 17B3380A4D6A7D415E7F2E1E /* Build configuration list for PBXNativeTarget "ResourceExplorer" */;
			buildPhases = (
				5C42E09515B42E1C00F71425 /* Qt Qmake */,
				5C42E09615B42E2E00F71425 /* Qt Preprocessors */,
				C29B8785722055ED95EF7B57 /* Build Sources */,
				2A1043669E6E5A7426EA502A /* Frameworks & Libraries */,
				3787F99312C85FF0073FD7BA /* Bundle Resources */,
				020AB22A17463A9F0082F336 /* CopyFiles */,
				020AB22E17463AAA0082F336 /* ShellScript */,
			);
			buildRules = (
			);
			dependencies = (
				C107916616D78CC20081E58C /* PBXTargetDependency */,
			);
			name = ResourceExplorer;
			productName = TemplateProjectQt;
			productReference = 5C190C9515AEC58B005731F8 /* ResourceExplorer.app */;
			productType = "com.apple.product-type.application";
		};
/* End PBXNativeTarget section */

/* Begin PBXProject section */
		91B15E841AA80083484172DE /* Project object */ = {
			isa = PBXProject;
			attributes = {
				LastUpgradeCheck = 0460;
			};
			buildConfigurationList = CC82A9286117DFED018F418F /* Build configuration list for PBXProject "ResourceExplorer" */;
			compatibilityVersion = "Xcode 3.2";
			developmentRegion = English;
			hasScannedForEncodings = 1;
			knownRegions = (
				en,
			);
			mainGroup = 05596AB53D8D521C69802C27 /* TemplateProjectQt */;
			productRefGroup = 5C190C9615AEC58B005731F8 /* Products */;
			projectDirPath = "";
			projectReferences = (
				{
					ProductGroup = C107915C16D78C9E0081E58C /* Products */;
					ProjectRef = C107915B16D78C9E0081E58C /* Framework.xcodeproj */;
				},
			);
			projectRoot = "";
			targets = (
				C44821495B0959249FEE50BE /* ResourceExplorer */,
			);
		};
/* End PBXProject section */

/* Begin PBXReferenceProxy section */
		17400D7E17901D570087BDEB /* libFrameworkNPAPI.a */ = {
			isa = PBXReferenceProxy;
			fileType = archive.ar;
			path = libFrameworkNPAPI.a;
			remoteRef = 17400D7D17901D570087BDEB /* PBXContainerItemProxy */;
			sourceTree = BUILT_PRODUCTS_DIR;
		};
		C107916216D78C9E0081E58C /* libFramework.a */ = {
			isa = PBXReferenceProxy;
			fileType = archive.ar;
			path = libFramework.a;
			remoteRef = C107916116D78C9E0081E58C /* PBXContainerItemProxy */;
			sourceTree = BUILT_PRODUCTS_DIR;
		};
		C107916416D78C9E0081E58C /* libFrameworkQt.a */ = {
			isa = PBXReferenceProxy;
			fileType = archive.ar;
			path = libFrameworkQt.a;
			remoteRef = C107916316D78C9E0081E58C /* PBXContainerItemProxy */;
			sourceTree = BUILT_PRODUCTS_DIR;
		};
/* End PBXReferenceProxy section */

/* Begin PBXResourcesBuildPhase section */
		3787F99312C85FF0073FD7BA /* Bundle Resources */ = {
			isa = PBXResourcesBuildPhase;
			buildActionMask = 2147483647;
			files = (
				C15C2FF7162AD71C00818631 /* mainwindow.ui in Bundle Resources */,
			);
			name = "Bundle Resources";
			runOnlyForDeploymentPostprocessing = 0;
		};
/* End PBXResourcesBuildPhase section */

/* Begin PBXShellScriptBuildPhase section */
		020AB22E17463AAA0082F336 /* ShellScript */ = {
			isa = PBXShellScriptBuildPhase;
			buildActionMask = 2147483647;
			files = (
			);
			inputPaths = (
			);
			outputPaths = (
			);
			runOnlyForDeploymentPostprocessing = 0;
			shellPath = /bin/sh;
			shellScript = "install_name_tool -change ./libfmodex.dylib @executable_path/../Frameworks/libfmodex.dylib $BUILT_PRODUCTS_DIR/$EXECUTABLE_PATH\ninstall_name_tool -change ./libfmodevent.dylib @executable_path/../Frameworks/libfmodevent.dylib $BUILT_PRODUCTS_DIR/$EXECUTABLE_PATH\ninstall_name_tool -id @executable_path/../Frameworks/libfmodex.dylib $BUILT_PRODUCTS_DIR/$FRAMEWORKS_FOLDER_PATH/libfmodex.dylib\ninstall_name_tool -id @executable_path/../Frameworks/libfmodevent.dylib $BUILT_PRODUCTS_DIR/$FRAMEWORKS_FOLDER_PATH/libfmodevent.dylib\ninstall_name_tool -change ./libfmodex.dylib @executable_path/../Frameworks/libfmodex.dylib $BUILT_PRODUCTS_DIR/$FRAMEWORKS_FOLDER_PATH/libfmodevent.dylib";
		};
		5C42E09515B42E1C00F71425 /* Qt Qmake */ = {
			isa = PBXShellScriptBuildPhase;
			buildActionMask = 2147483647;
			files = (
			);
			inputPaths = (
			);
			name = "Qt Qmake";
			outputPaths = (
			);
			runOnlyForDeploymentPostprocessing = 0;
			shellPath = /bin/sh;
			shellScript = "make -f MakefileQt all";
		};
		5C42E09615B42E2E00F71425 /* Qt Preprocessors */ = {
			isa = PBXShellScriptBuildPhase;
			buildActionMask = 2147483647;
			files = (
			);
			inputPaths = (
			);
			name = "Qt Preprocessors";
			outputPaths = (
			);
			runOnlyForDeploymentPostprocessing = 0;
			shellPath = /bin/sh;
			shellScript = "if [ ! -d GeneratedFiles ]; then\n    mkdir GeneratedFiles\nfi\n\nmake -f MakefileQt all";
		};
/* End PBXShellScriptBuildPhase section */

/* Begin PBXSourcesBuildPhase section */
		C29B8785722055ED95EF7B57 /* Build Sources */ = {
			isa = PBXSourcesBuildPhase;
			buildActionMask = 2147483647;
			files = (
				C15C2FED162AD6E400818631 /* FrameworkMain.cpp in Build Sources */,
				C15C2FEF162AD6E400818631 /* main.cpp in Build Sources */,
				C15C2FF2162AD6E400818631 /* mainwindow.cpp in Build Sources */,
				02D69CAA16F08CEE00F3803F /* FrameworkMain_moc.cpp in Build Sources */,
				02D69CB216F08CEE00F3803F /* icons_qrc.cpp in Build Sources */,
				02D69CDC16F08CEE00F3803F /* mainwindow_moc.cpp in Build Sources */,
			);
			name = "Build Sources";
			runOnlyForDeploymentPostprocessing = 0;
		};
/* End PBXSourcesBuildPhase section */

/* Begin PBXTargetDependency section */
		C107916616D78CC20081E58C /* PBXTargetDependency */ = {
			isa = PBXTargetDependency;
			name = FrameworkQt;
			targetProxy = C107916516D78CC20081E58C /* PBXContainerItemProxy */;
		};
/* End PBXTargetDependency section */

/* Begin XCBuildConfiguration section */
		4B72B24813252891014BCF61 /* Debug */ = {
			isa = XCBuildConfiguration;
			buildSettings = {
				ARCHS = "$(ARCHS_STANDARD_64_BIT)";
				COPY_PHASE_STRIP = NO;
				FRAMEWORK_SEARCH_PATHS = "~/QtSDK/Desktop/Qt/4.8.1/gcc/lib";
				GCC_C_LANGUAGE_STANDARD = c99;
				GCC_GENERATE_DEBUGGING_SYMBOLS = YES;
				GCC_OPTIMIZATION_LEVEL = 0;
				GCC_PREPROCESSOR_DEFINITIONS = DAVA_DEBUG;
				HEADER_SEARCH_PATHS = (
					"~/QtSDK/Desktop/Qt/4.8.1/gcc/lib/QtCore.framework/Versions/4/Headers",
					"~/QtSDK/Desktop/Qt/4.8.1/gcc/include/QtCore",
					"~/QtSDK/Desktop/Qt/4.8.1/gcc/lib/QtNetwork.framework/Versions/4/Headers",
					"~/QtSDK/Desktop/Qt/4.8.1/gcc/include/QtNetwork",
					"~/QtSDK/Desktop/Qt/4.8.1/gcc/lib/QtGui.framework/Versions/4/Headers",
					"~/QtSDK/Desktop/Qt/4.8.1/gcc/include/QtGui",
					"~/QtSDK/Desktop/Qt/4.8.1/gcc/lib/QtOpenGL.framework/Versions/4/Headers",
					"~/QtSDK/Desktop/Qt/4.8.1/gcc/include/QtOpenGL",
					"~/QtSDK/Desktop/Qt/4.8.1/gcc/include",
					"~/QtSDK/Desktop/Qt/4.8.1/gcc/mkspecs/macx-xcode",
					../../Sources/Internal,
					../../Sources/Tools,
					../../Sources/External,
					../../Sources/External/Freetype,
					../../Libs/oggvorbis/include,
					../../Sources/Libs/include,
					Classes,
					../../Libs/libs,
					../../Libs/freetype/include,
					/System/Library/Frameworks/OpenGL.framework/Versions/A/Headers,
					/System/Library/Frameworks/AGL.framework/Headers,
					.,
					/usr/local/include,
					/System/Library/Frameworks/CarbonCore.framework/Headers,
					"./../../Libs/ImageMagick-6.7.4/include/ImageMagick",
					"./../../Libs/ImageMagick-6.7.4/delegates/include",
					"./../../Libs/ImageMagick-6.7.4/",
				);
				INFOPLIST_FILE = Info.plist;
				LIBRARY_SEARCH_PATHS = (
					/System/Library/Frameworks/,
					"./../../Libs/ImageMagick-6.7.4/lib/",
					"./../../Libs/ImageMagick-6.7.4/delegates/lib",
				);
				OTHER_CFLAGS = (
					"-pipe",
					"-g",
					"-Wall",
					"-W",
					"-DQT_OPENGL_LIB",
					"-DQT_GUI_LIB",
					"-DQT_NETWORK_LIB",
					"-DQT_CORE_LIB",
					"-DQT_SHARED",
				);
				OTHER_CPLUSPLUSFLAGS = (
					"-pipe",
					"-g",
					"-Wall",
					"-W",
					"-DQT_OPENGL_LIB",
					"-DQT_GUI_LIB",
					"-DQT_NETWORK_LIB",
					"-DQT_CORE_LIB",
					"-DQT_SHARED",
				);
				OTHER_LDFLAGS = (
					"-headerpad_max_install_names",
					"-L~/QtSDK/Desktop/Qt/4.8.1/gcc/lib",
					"-F~/QtSDK/Desktop/Qt/4.8.1/gcc/lib",
					"-lz",
					"-L../../Libs/libs/",
					"-L../../Libs/freetype/lib/",
					"-L../../Libs/oggvorbis/lib/",
					"-lMagickCore",
					"-lMagick++",
					"-lMagickWand",
				);
				PRODUCT_NAME = TemplateProjectQt;
				SDKROOT = macosx;
			};
			name = Debug;
		};
		8C7174830A1E4DCBA0332EC1 /* Release */ = {
			isa = XCBuildConfiguration;
			buildSettings = {
				CLANG_CXX_LIBRARY = "libstdc++";
				COMBINE_HIDPI_IMAGES = YES;
				COPY_PHASE_STRIP = YES;
				FRAMEWORK_SEARCH_PATHS = /Library/Frameworks/;
				GCC_GENERATE_DEBUGGING_SYMBOLS = NO;
				GCC_PREPROCESSOR_DEFINITIONS = DAVA_SAVE_TO_YAML;
				HEADER_SEARCH_PATHS = (
					/Library/Frameworks/QtCore.framework/Headers,
					/Library/Frameworks/QtGui.framework/Headers,
					../../Sources/Internal,
					../../Sources/Tools,
					../../Sources/External,
					../../Sources/External/Freetype,
					../../Libs/oggvorbis/include,
					../../Sources/Libs/include,
					Classes,
					../../Libs/include,
					../../Libs/libs,
					../../Libs/freetype/include,
					/System/Library/Frameworks/OpenGL.framework/Versions/A/Headers,
					/System/Library/Frameworks/AGL.framework/Headers,
					.,
					/usr/local/include,
					/System/Library/Frameworks/CarbonCore.framework/Headers,
					"./../../Libs/ImageMagick-6.7.4/include/ImageMagick",
					"./../../Libs/ImageMagick-6.7.4/delegates/include",
					"./../../Libs/ImageMagick-6.7.4/",
				);
				LIBRARY_SEARCH_PATHS = (
					"../../Libs/ImageMagick-6.7.4/lib/",
					"../../Libs/ImageMagick-6.7.4/delegates/lib",
					"$(LIBRARY_SEARCH_PATHS_QUOTED_FOR_TARGET_1)",
				);
				LIBRARY_SEARCH_PATHS_QUOTED_FOR_TARGET_1 = "\"$(SRCROOT)/../../Libs/fmod/lib/macos\"";
				MACOSX_DEPLOYMENT_TARGET = 10.7;
				PRODUCT_NAME = ResourceExplorer;
				SDKROOT = macosx;
			};
			name = Release;
		};
		BEC09A62E69C3553534FF35E /* Debug */ = {
			isa = XCBuildConfiguration;
			buildSettings = {
				CLANG_CXX_LIBRARY = "libstdc++";
				COMBINE_HIDPI_IMAGES = YES;
				COPY_PHASE_STRIP = NO;
				FRAMEWORK_SEARCH_PATHS = /Library/Frameworks/;
				GCC_GENERATE_DEBUGGING_SYMBOLS = YES;
				GCC_OPTIMIZATION_LEVEL = 0;
				GCC_PREPROCESSOR_DEFINITIONS = (
					DAVA_DEBUG,
					DAVA_SAVE_TO_YAML,
				);
				HEADER_SEARCH_PATHS = (
					/Library/Frameworks/QtCore.framework/Headers,
					/Library/Frameworks/QtGui.framework/Headers,
					../../Sources/Internal,
					../../Sources/Tools,
					../../Sources/External,
					../../Sources/External/Freetype,
					../../Libs/oggvorbis/include,
					../../Sources/Libs/include,
					Classes,
					../../Libs/include,
					../../Libs/libs,
					../../Libs/freetype/include,
					/System/Library/Frameworks/OpenGL.framework/Versions/A/Headers,
					/System/Library/Frameworks/AGL.framework/Headers,
					.,
					/usr/local/include,
					/System/Library/Frameworks/CarbonCore.framework/Headers,
					"./../../Libs/ImageMagick-6.7.4/include/ImageMagick",
					"./../../Libs/ImageMagick-6.7.4/delegates/include",
					"./../../Libs/ImageMagick-6.7.4/",
				);
				LIBRARY_SEARCH_PATHS = (
					"../../Libs/ImageMagick-6.7.4/lib/",
					"../../Libs/ImageMagick-6.7.4/delegates/lib",
					"$(LIBRARY_SEARCH_PATHS_QUOTED_FOR_TARGET_1)",
				);
				LIBRARY_SEARCH_PATHS_QUOTED_FOR_TARGET_1 = "\"$(SRCROOT)/../../Libs/fmod/lib/macos\"";
				MACOSX_DEPLOYMENT_TARGET = 10.7;
				PRODUCT_NAME = ResourceExplorer;
				SDKROOT = macosx;
			};
			name = Debug;
		};
		D70590BEB531B51029F711BB /* Release */ = {
			isa = XCBuildConfiguration;
			buildSettings = {
				ARCHS = "$(ARCHS_STANDARD_64_BIT)";
				COPY_PHASE_STRIP = YES;
				FRAMEWORK_SEARCH_PATHS = "~/QtSDK/Desktop/Qt/4.8.1/gcc/lib";
				GCC_C_LANGUAGE_STANDARD = c99;
				GCC_GENERATE_DEBUGGING_SYMBOLS = NO;
				HEADER_SEARCH_PATHS = (
					"~/QtSDK/Desktop/Qt/4.8.1/gcc/lib/QtCore.framework/Versions/4/Headers",
					"~/QtSDK/Desktop/Qt/4.8.1/gcc/include/QtCore",
					"~/QtSDK/Desktop/Qt/4.8.1/gcc/lib/QtNetwork.framework/Versions/4/Headers",
					"~/QtSDK/Desktop/Qt/4.8.1/gcc/include/QtNetwork",
					"~/QtSDK/Desktop/Qt/4.8.1/gcc/lib/QtGui.framework/Versions/4/Headers",
					"~/QtSDK/Desktop/Qt/4.8.1/gcc/include/QtGui",
					"~/QtSDK/Desktop/Qt/4.8.1/gcc/lib/QtOpenGL.framework/Versions/4/Headers",
					"~/QtSDK/Desktop/Qt/4.8.1/gcc/include/QtOpenGL",
					"~/QtSDK/Desktop/Qt/4.8.1/gcc/include",
					"~/QtSDK/Desktop/Qt/4.8.1/gcc/mkspecs/macx-xcode",
					../../Sources/Internal,
					../../Sources/Tools,
					../../Sources/External,
					../../Sources/External/Freetype,
					../../Libs/oggvorbis/include,
					../../Sources/Libs/include,
					Classes,
					../../Libs/libs,
					../../Libs/freetype/include,
					/System/Library/Frameworks/OpenGL.framework/Versions/A/Headers,
					/System/Library/Frameworks/AGL.framework/Headers,
					.,
					/usr/local/include,
					/System/Library/Frameworks/CarbonCore.framework/Headers,
					"./../../Libs/ImageMagick-6.7.4/include/ImageMagick",
					"./../../Libs/ImageMagick-6.7.4/delegates/include",
					"./../../Libs/ImageMagick-6.7.4/",
				);
				INFOPLIST_FILE = Info.plist;
				LIBRARY_SEARCH_PATHS = (
					/System/Library/Frameworks/,
					"./../../Libs/ImageMagick-6.7.4/lib/",
					"./../../Libs/ImageMagick-6.7.4/delegates/lib",
				);
				OTHER_CFLAGS = (
					"-pipe",
					"-g",
					"-Wall",
					"-W",
					"-DQT_OPENGL_LIB",
					"-DQT_GUI_LIB",
					"-DQT_NETWORK_LIB",
					"-DQT_CORE_LIB",
					"-DQT_SHARED",
				);
				OTHER_CPLUSPLUSFLAGS = (
					"-pipe",
					"-g",
					"-Wall",
					"-W",
					"-DQT_OPENGL_LIB",
					"-DQT_GUI_LIB",
					"-DQT_NETWORK_LIB",
					"-DQT_CORE_LIB",
					"-DQT_SHARED",
				);
				OTHER_LDFLAGS = (
					"-headerpad_max_install_names",
					"-L~/QtSDK/Desktop/Qt/4.8.1/gcc/lib",
					"-F~/QtSDK/Desktop/Qt/4.8.1/gcc/lib",
					"-lz",
					"-L../../Libs/libs/",
					"-L../../Libs/freetype/lib/",
					"-L../../Libs/oggvorbis/lib/",
					"-lMagickCore",
					"-lMagick++",
					"-lMagickWand",
				);
				PRODUCT_NAME = TemplateProjectQt;
				SDKROOT = macosx;
			};
			name = Release;
		};
/* End XCBuildConfiguration section */

/* Begin XCConfigurationList section */
		17B3380A4D6A7D415E7F2E1E /* Build configuration list for PBXNativeTarget "ResourceExplorer" */ = {
			isa = XCConfigurationList;
			buildConfigurations = (
				BEC09A62E69C3553534FF35E /* Debug */,
				8C7174830A1E4DCBA0332EC1 /* Release */,
			);
			defaultConfigurationIsVisible = 0;
			defaultConfigurationName = Debug;
		};
		CC82A9286117DFED018F418F /* Build configuration list for PBXProject "ResourceExplorer" */ = {
			isa = XCConfigurationList;
			buildConfigurations = (
				4B72B24813252891014BCF61 /* Debug */,
				D70590BEB531B51029F711BB /* Release */,
			);
			defaultConfigurationIsVisible = 0;
			defaultConfigurationName = Debug;
		};
/* End XCConfigurationList section */
	};
	rootObject = 91B15E841AA80083484172DE /* Project object */;
}
